// !$*UTF8*$!
{
	archiveVersion = 1;
	classes = {
	};
	objectVersion = 48;
	objects = {

/* Begin PBXBuildFile section */
		0CB9CFF4FC59BC6FBE49CD79 /* Pods_iOS_Audio.framework in Frameworks */ = {isa = PBXBuildFile; fileRef = 11C45AF8A17378159139585F /* Pods_iOS_Audio.framework */; };
		1866B1BC200C568400E53715 /* STListsViewController.swift in Sources */ = {isa = PBXBuildFile; fileRef = 1866B1BB200C568400E53715 /* STListsViewController.swift */; };
		1866B1BE200C574000E53715 /* URL+FileManager.swift in Sources */ = {isa = PBXBuildFile; fileRef = 1866B1BD200C574000E53715 /* URL+FileManager.swift */; };
		18739B301FEA5F0300D2B160 /* AppDelegate.swift in Sources */ = {isa = PBXBuildFile; fileRef = 18739B2F1FEA5F0300D2B160 /* AppDelegate.swift */; };
		18739B321FEA5F0300D2B160 /* ViewController.swift in Sources */ = {isa = PBXBuildFile; fileRef = 18739B311FEA5F0300D2B160 /* ViewController.swift */; };
		18739B351FEA5F0300D2B160 /* Main.storyboard in Resources */ = {isa = PBXBuildFile; fileRef = 18739B331FEA5F0300D2B160 /* Main.storyboard */; };
		18739B371FEA5F0300D2B160 /* Assets.xcassets in Resources */ = {isa = PBXBuildFile; fileRef = 18739B361FEA5F0300D2B160 /* Assets.xcassets */; };
		18739B3A1FEA5F0300D2B160 /* LaunchScreen.storyboard in Resources */ = {isa = PBXBuildFile; fileRef = 18739B381FEA5F0300D2B160 /* LaunchScreen.storyboard */; };
		1875A9892008A523004BC1A2 /* STVoiceViewController.swift in Sources */ = {isa = PBXBuildFile; fileRef = 1875A9872008A523004BC1A2 /* STVoiceViewController.swift */; };
		1875A98A2008A523004BC1A2 /* STVoiceViewController.xib in Resources */ = {isa = PBXBuildFile; fileRef = 1875A9882008A523004BC1A2 /* STVoiceViewController.xib */; };
		1875A9932008BD34004BC1A2 /* AudioManager.swift in Sources */ = {isa = PBXBuildFile; fileRef = 1875A9922008BD34004BC1A2 /* AudioManager.swift */; };
		D716155D200F8AC500455B56 /* AKRecorder.swift in Sources */ = {isa = PBXBuildFile; fileRef = D716155C200F8AC500455B56 /* AKRecorder.swift */; };
/* End PBXBuildFile section */

/* Begin PBXFileReference section */
		101A03B8D75BFF5FAB9D852D /* Pods-iOS_Audio.release.xcconfig */ = {isa = PBXFileReference; includeInIndex = 1; lastKnownFileType = text.xcconfig; name = "Pods-iOS_Audio.release.xcconfig"; path = "Pods/Target Support Files/Pods-iOS_Audio/Pods-iOS_Audio.release.xcconfig"; sourceTree = "<group>"; };
		11C45AF8A17378159139585F /* Pods_iOS_Audio.framework */ = {isa = PBXFileReference; explicitFileType = wrapper.framework; includeInIndex = 0; path = Pods_iOS_Audio.framework; sourceTree = BUILT_PRODUCTS_DIR; };
		1866B1BB200C568400E53715 /* STListsViewController.swift */ = {isa = PBXFileReference; lastKnownFileType = sourcecode.swift; path = STListsViewController.swift; sourceTree = "<group>"; };
		1866B1BD200C574000E53715 /* URL+FileManager.swift */ = {isa = PBXFileReference; lastKnownFileType = sourcecode.swift; path = "URL+FileManager.swift"; sourceTree = "<group>"; };
		18739B2C1FEA5F0300D2B160 /* iOS_Audio.app */ = {isa = PBXFileReference; explicitFileType = wrapper.application; includeInIndex = 0; path = iOS_Audio.app; sourceTree = BUILT_PRODUCTS_DIR; };
		18739B2F1FEA5F0300D2B160 /* AppDelegate.swift */ = {isa = PBXFileReference; lastKnownFileType = sourcecode.swift; path = AppDelegate.swift; sourceTree = "<group>"; };
		18739B311FEA5F0300D2B160 /* ViewController.swift */ = {isa = PBXFileReference; lastKnownFileType = sourcecode.swift; path = ViewController.swift; sourceTree = "<group>"; };
		18739B341FEA5F0300D2B160 /* Base */ = {isa = PBXFileReference; lastKnownFileType = file.storyboard; name = Base; path = Base.lproj/Main.storyboard; sourceTree = "<group>"; };
		18739B361FEA5F0300D2B160 /* Assets.xcassets */ = {isa = PBXFileReference; lastKnownFileType = folder.assetcatalog; path = Assets.xcassets; sourceTree = "<group>"; };
		18739B391FEA5F0300D2B160 /* Base */ = {isa = PBXFileReference; lastKnownFileType = file.storyboard; name = Base; path = Base.lproj/LaunchScreen.storyboard; sourceTree = "<group>"; };
		18739B3B1FEA5F0300D2B160 /* Info.plist */ = {isa = PBXFileReference; lastKnownFileType = text.plist.xml; path = Info.plist; sourceTree = "<group>"; };
		1875A9872008A523004BC1A2 /* STVoiceViewController.swift */ = {isa = PBXFileReference; lastKnownFileType = sourcecode.swift; path = STVoiceViewController.swift; sourceTree = "<group>"; };
		1875A9882008A523004BC1A2 /* STVoiceViewController.xib */ = {isa = PBXFileReference; lastKnownFileType = file.xib; path = STVoiceViewController.xib; sourceTree = "<group>"; };
		1875A9922008BD34004BC1A2 /* AudioManager.swift */ = {isa = PBXFileReference; lastKnownFileType = sourcecode.swift; path = AudioManager.swift; sourceTree = "<group>"; };
		9715C8EF004894AFE6A381A5 /* Pods-iOS_Audio.debug.xcconfig */ = {isa = PBXFileReference; includeInIndex = 1; lastKnownFileType = text.xcconfig; name = "Pods-iOS_Audio.debug.xcconfig"; path = "Pods/Target Support Files/Pods-iOS_Audio/Pods-iOS_Audio.debug.xcconfig"; sourceTree = "<group>"; };
		D716155C200F8AC500455B56 /* AKRecorder.swift */ = {isa = PBXFileReference; lastKnownFileType = sourcecode.swift; path = AKRecorder.swift; sourceTree = "<group>"; };
/* End PBXFileReference section */

/* Begin PBXFrameworksBuildPhase section */
		18739B291FEA5F0300D2B160 /* Frameworks */ = {
			isa = PBXFrameworksBuildPhase;
			buildActionMask = 2147483647;
			files = (
				0CB9CFF4FC59BC6FBE49CD79 /* Pods_iOS_Audio.framework in Frameworks */,
			);
			runOnlyForDeploymentPostprocessing = 0;
		};
/* End PBXFrameworksBuildPhase section */

/* Begin PBXGroup section */
		18739B231FEA5F0300D2B160 = {
			isa = PBXGroup;
			children = (
				18739B2E1FEA5F0300D2B160 /* iOS_Audio */,
				18739B2D1FEA5F0300D2B160 /* Products */,
				FB785546E3F37F9B3D1045D1 /* Pods */,
				F97342B4B8FCB23E3AFB6625 /* Frameworks */,
			);
			sourceTree = "<group>";
		};
		18739B2D1FEA5F0300D2B160 /* Products */ = {
			isa = PBXGroup;
			children = (
				18739B2C1FEA5F0300D2B160 /* iOS_Audio.app */,
			);
			name = Products;
			sourceTree = "<group>";
		};
		18739B2E1FEA5F0300D2B160 /* iOS_Audio */ = {
			isa = PBXGroup;
			children = (
				1875A9902008BCE0004BC1A2 /* Classes */,
				18739B2F1FEA5F0300D2B160 /* AppDelegate.swift */,
				18739B311FEA5F0300D2B160 /* ViewController.swift */,
				18739B331FEA5F0300D2B160 /* Main.storyboard */,
				18739B361FEA5F0300D2B160 /* Assets.xcassets */,
				18739B381FEA5F0300D2B160 /* LaunchScreen.storyboard */,
				18739B3B1FEA5F0300D2B160 /* Info.plist */,
				1875A9872008A523004BC1A2 /* STVoiceViewController.swift */,
				1875A9882008A523004BC1A2 /* STVoiceViewController.xib */,
				1866B1BD200C574000E53715 /* URL+FileManager.swift */,
			);
			path = iOS_Audio;
			sourceTree = "<group>";
		};
		1875A9902008BCE0004BC1A2 /* Classes */ = {
			isa = PBXGroup;
			children = (
				1875A9912008BCE0004BC1A2 /* 录音 */,
				1866B1BB200C568400E53715 /* STListsViewController.swift */,
			);
			path = Classes;
			sourceTree = "<group>";
		};
		1875A9912008BCE0004BC1A2 /* 录音 */ = {
			isa = PBXGroup;
			children = (
				1875A9922008BD34004BC1A2 /* AudioManager.swift */,
				D716155C200F8AC500455B56 /* AKRecorder.swift */,
			);
			path = "录音";
			sourceTree = "<group>";
		};
		F97342B4B8FCB23E3AFB6625 /* Frameworks */ = {
			isa = PBXGroup;
			children = (
				11C45AF8A17378159139585F /* Pods_iOS_Audio.framework */,
			);
			name = Frameworks;
			sourceTree = "<group>";
		};
		FB785546E3F37F9B3D1045D1 /* Pods */ = {
			isa = PBXGroup;
			children = (
				9715C8EF004894AFE6A381A5 /* Pods-iOS_Audio.debug.xcconfig */,
				101A03B8D75BFF5FAB9D852D /* Pods-iOS_Audio.release.xcconfig */,
			);
			name = Pods;
			sourceTree = "<group>";
		};
/* End PBXGroup section */

/* Begin PBXNativeTarget section */
		18739B2B1FEA5F0300D2B160 /* iOS_Audio */ = {
			isa = PBXNativeTarget;
			buildConfigurationList = 18739B3E1FEA5F0300D2B160 /* Build configuration list for PBXNativeTarget "iOS_Audio" */;
			buildPhases = (
				00C83E3DEB8D42C09C9B6EED /* [CP] Check Pods Manifest.lock */,
				18739B281FEA5F0300D2B160 /* Sources */,
				18739B291FEA5F0300D2B160 /* Frameworks */,
				18739B2A1FEA5F0300D2B160 /* Resources */,
				AF1FAF76AFE08618CEC0CB46 /* [CP] Embed Pods Frameworks */,
				78F7BFED3D7B13BC094693EF /* [CP] Copy Pods Resources */,
			);
			buildRules = (
			);
			dependencies = (
			);
			name = iOS_Audio;
			productName = iOS_Audio;
			productReference = 18739B2C1FEA5F0300D2B160 /* iOS_Audio.app */;
			productType = "com.apple.product-type.application";
		};
/* End PBXNativeTarget section */

/* Begin PBXProject section */
		18739B241FEA5F0300D2B160 /* Project object */ = {
			isa = PBXProject;
			attributes = {
				LastSwiftUpdateCheck = 0910;
				LastUpgradeCheck = 0910;
				ORGANIZATIONNAME = zxl;
				TargetAttributes = {
					18739B2B1FEA5F0300D2B160 = {
						CreatedOnToolsVersion = 9.1;
						ProvisioningStyle = Automatic;
					};
				};
			};
			buildConfigurationList = 18739B271FEA5F0300D2B160 /* Build configuration list for PBXProject "iOS_Audio" */;
			compatibilityVersion = "Xcode 8.0";
			developmentRegion = en;
			hasScannedForEncodings = 0;
			knownRegions = (
				en,
				Base,
			);
			mainGroup = 18739B231FEA5F0300D2B160;
			productRefGroup = 18739B2D1FEA5F0300D2B160 /* Products */;
			projectDirPath = "";
			projectRoot = "";
			targets = (
				18739B2B1FEA5F0300D2B160 /* iOS_Audio */,
			);
		};
/* End PBXProject section */

/* Begin PBXResourcesBuildPhase section */
		18739B2A1FEA5F0300D2B160 /* Resources */ = {
			isa = PBXResourcesBuildPhase;
			buildActionMask = 2147483647;
			files = (
				18739B3A1FEA5F0300D2B160 /* LaunchScreen.storyboard in Resources */,
				18739B371FEA5F0300D2B160 /* Assets.xcassets in Resources */,
				1875A98A2008A523004BC1A2 /* STVoiceViewController.xib in Resources */,
				18739B351FEA5F0300D2B160 /* Main.storyboard in Resources */,
			);
			runOnlyForDeploymentPostprocessing = 0;
		};
/* End PBXResourcesBuildPhase section */

/* Begin PBXShellScriptBuildPhase section */
		00C83E3DEB8D42C09C9B6EED /* [CP] Check Pods Manifest.lock */ = {
			isa = PBXShellScriptBuildPhase;
			buildActionMask = 2147483647;
			files = (
			);
			inputPaths = (
				"${PODS_PODFILE_DIR_PATH}/Podfile.lock",
				"${PODS_ROOT}/Manifest.lock",
			);
			name = "[CP] Check Pods Manifest.lock";
			outputPaths = (
				"$(DERIVED_FILE_DIR)/Pods-iOS_Audio-checkManifestLockResult.txt",
			);
			runOnlyForDeploymentPostprocessing = 0;
			shellPath = /bin/sh;
			shellScript = "diff \"${PODS_PODFILE_DIR_PATH}/Podfile.lock\" \"${PODS_ROOT}/Manifest.lock\" > /dev/null\nif [ $? != 0 ] ; then\n    # print error to STDERR\n    echo \"error: The sandbox is not in sync with the Podfile.lock. Run 'pod install' or update your CocoaPods installation.\" >&2\n    exit 1\nfi\n# This output is used by Xcode 'outputs' to avoid re-running this script phase.\necho \"SUCCESS\" > \"${SCRIPT_OUTPUT_FILE_0}\"\n";
			showEnvVarsInLog = 0;
		};
		78F7BFED3D7B13BC094693EF /* [CP] Copy Pods Resources */ = {
			isa = PBXShellScriptBuildPhase;
			buildActionMask = 2147483647;
			files = (
			);
			inputPaths = (
			);
			name = "[CP] Copy Pods Resources";
			outputPaths = (
			);
			runOnlyForDeploymentPostprocessing = 0;
			shellPath = /bin/sh;
			shellScript = "\"${SRCROOT}/Pods/Target Support Files/Pods-iOS_Audio/Pods-iOS_Audio-resources.sh\"\n";
			showEnvVarsInLog = 0;
		};
		AF1FAF76AFE08618CEC0CB46 /* [CP] Embed Pods Frameworks */ = {
			isa = PBXShellScriptBuildPhase;
			buildActionMask = 2147483647;
			files = (
			);
			inputPaths = (
				"${SRCROOT}/Pods/Target Support Files/Pods-iOS_Audio/Pods-iOS_Audio-frameworks.sh",
				"${PODS_ROOT}/AudioKit/iOS/AudioKit.framework",
				"${PODS_ROOT}/AudioKit/iOS/AudioKitUI.framework",
			);
			name = "[CP] Embed Pods Frameworks";
			outputPaths = (
				"${TARGET_BUILD_DIR}/${FRAMEWORKS_FOLDER_PATH}/AudioKit.framework",
				"${TARGET_BUILD_DIR}/${FRAMEWORKS_FOLDER_PATH}/AudioKitUI.framework",
			);
			runOnlyForDeploymentPostprocessing = 0;
			shellPath = /bin/sh;
			shellScript = "\"${SRCROOT}/Pods/Target Support Files/Pods-iOS_Audio/Pods-iOS_Audio-frameworks.sh\"\n";
			showEnvVarsInLog = 0;
		};
/* End PBXShellScriptBuildPhase section */

/* Begin PBXSourcesBuildPhase section */
		18739B281FEA5F0300D2B160 /* Sources */ = {
			isa = PBXSourcesBuildPhase;
			buildActionMask = 2147483647;
			files = (
				1866B1BE200C574000E53715 /* URL+FileManager.swift in Sources */,
				18739B321FEA5F0300D2B160 /* ViewController.swift in Sources */,
				D716155D200F8AC500455B56 /* AKRecorder.swift in Sources */,
				1875A9892008A523004BC1A2 /* STVoiceViewController.swift in Sources */,
				1875A9932008BD34004BC1A2 /* AudioManager.swift in Sources */,
				18739B301FEA5F0300D2B160 /* AppDelegate.swift in Sources */,
				1866B1BC200C568400E53715 /* STListsViewController.swift in Sources */,
			);
			runOnlyForDeploymentPostprocessing = 0;
		};
/* End PBXSourcesBuildPhase section */

/* Begin PBXVariantGroup section */
		18739B331FEA5F0300D2B160 /* Main.storyboard */ = {
			isa = PBXVariantGroup;
			children = (
				18739B341FEA5F0300D2B160 /* Base */,
			);
			name = Main.storyboard;
			sourceTree = "<group>";
		};
		18739B381FEA5F0300D2B160 /* LaunchScreen.storyboard */ = {
			isa = PBXVariantGroup;
			children = (
				18739B391FEA5F0300D2B160 /* Base */,
			);
			name = LaunchScreen.storyboard;
			sourceTree = "<group>";
		};
/* End PBXVariantGroup section */

/* Begin XCBuildConfiguration section */
		18739B3C1FEA5F0300D2B160 /* Debug */ = {
			isa = XCBuildConfiguration;
			buildSettings = {
				ALWAYS_SEARCH_USER_PATHS = NO;
				CLANG_ANALYZER_NONNULL = YES;
				CLANG_ANALYZER_NUMBER_OBJECT_CONVERSION = YES_AGGRESSIVE;
				CLANG_CXX_LANGUAGE_STANDARD = "gnu++14";
				CLANG_CXX_LIBRARY = "libc++";
				CLANG_ENABLE_MODULES = YES;
				CLANG_ENABLE_OBJC_ARC = YES;
				CLANG_WARN_BLOCK_CAPTURE_AUTORELEASING = YES;
				CLANG_WARN_BOOL_CONVERSION = YES;
				CLANG_WARN_COMMA = YES;
				CLANG_WARN_CONSTANT_CONVERSION = YES;
				CLANG_WARN_DIRECT_OBJC_ISA_USAGE = YES_ERROR;
				CLANG_WARN_DOCUMENTATION_COMMENTS = YES;
				CLANG_WARN_EMPTY_BODY = YES;
				CLANG_WARN_ENUM_CONVERSION = YES;
				CLANG_WARN_INFINITE_RECURSION = YES;
				CLANG_WARN_INT_CONVERSION = YES;
				CLANG_WARN_NON_LITERAL_NULL_CONVERSION = YES;
				CLANG_WARN_OBJC_LITERAL_CONVERSION = YES;
				CLANG_WARN_OBJC_ROOT_CLASS = YES_ERROR;
				CLANG_WARN_RANGE_LOOP_ANALYSIS = YES;
				CLANG_WARN_STRICT_PROTOTYPES = YES;
				CLANG_WARN_SUSPICIOUS_MOVE = YES;
				CLANG_WARN_UNGUARDED_AVAILABILITY = YES_AGGRESSIVE;
				CLANG_WARN_UNREACHABLE_CODE = YES;
				CLANG_WARN__DUPLICATE_METHOD_MATCH = YES;
				CODE_SIGN_IDENTITY = "iPhone Developer";
				COPY_PHASE_STRIP = NO;
				DEBUG_INFORMATION_FORMAT = dwarf;
				ENABLE_STRICT_OBJC_MSGSEND = YES;
				ENABLE_TESTABILITY = YES;
				GCC_C_LANGUAGE_STANDARD = gnu11;
				GCC_DYNAMIC_NO_PIC = NO;
				GCC_NO_COMMON_BLOCKS = YES;
				GCC_OPTIMIZATION_LEVEL = 0;
				GCC_PREPROCESSOR_DEFINITIONS = (
					"DEBUG=1",
					"$(inherited)",
				);
				GCC_WARN_64_TO_32_BIT_CONVERSION = YES;
				GCC_WARN_ABOUT_RETURN_TYPE = YES_ERROR;
				GCC_WARN_UNDECLARED_SELECTOR = YES;
				GCC_WARN_UNINITIALIZED_AUTOS = YES_AGGRESSIVE;
				GCC_WARN_UNUSED_FUNCTION = YES;
				GCC_WARN_UNUSED_VARIABLE = YES;
				IPHONEOS_DEPLOYMENT_TARGET = 11.1;
				MTL_ENABLE_DEBUG_INFO = YES;
				ONLY_ACTIVE_ARCH = YES;
				SDKROOT = iphoneos;
				SWIFT_ACTIVE_COMPILATION_CONDITIONS = DEBUG;
				SWIFT_OPTIMIZATION_LEVEL = "-Onone";
			};
			name = Debug;
		};
		18739B3D1FEA5F0300D2B160 /* Release */ = {
			isa = XCBuildConfiguration;
			buildSettings = {
				ALWAYS_SEARCH_USER_PATHS = NO;
				CLANG_ANALYZER_NONNULL = YES;
				CLANG_ANALYZER_NUMBER_OBJECT_CONVERSION = YES_AGGRESSIVE;
				CLANG_CXX_LANGUAGE_STANDARD = "gnu++14";
				CLANG_CXX_LIBRARY = "libc++";
				CLANG_ENABLE_MODULES = YES;
				CLANG_ENABLE_OBJC_ARC = YES;
				CLANG_WARN_BLOCK_CAPTURE_AUTORELEASING = YES;
				CLANG_WARN_BOOL_CONVERSION = YES;
				CLANG_WARN_COMMA = YES;
				CLANG_WARN_CONSTANT_CONVERSION = YES;
				CLANG_WARN_DIRECT_OBJC_ISA_USAGE = YES_ERROR;
				CLANG_WARN_DOCUMENTATION_COMMENTS = YES;
				CLANG_WARN_EMPTY_BODY = YES;
				CLANG_WARN_ENUM_CONVERSION = YES;
				CLANG_WARN_INFINITE_RECURSION = YES;
				CLANG_WARN_INT_CONVERSION = YES;
				CLANG_WARN_NON_LITERAL_NULL_CONVERSION = YES;
				CLANG_WARN_OBJC_LITERAL_CONVERSION = YES;
				CLANG_WARN_OBJC_ROOT_CLASS = YES_ERROR;
				CLANG_WARN_RANGE_LOOP_ANALYSIS = YES;
				CLANG_WARN_STRICT_PROTOTYPES = YES;
				CLANG_WARN_SUSPICIOUS_MOVE = YES;
				CLANG_WARN_UNGUARDED_AVAILABILITY = YES_AGGRESSIVE;
				CLANG_WARN_UNREACHABLE_CODE = YES;
				CLANG_WARN__DUPLICATE_METHOD_MATCH = YES;
				CODE_SIGN_IDENTITY = "iPhone Developer";
				COPY_PHASE_STRIP = NO;
				DEBUG_INFORMATION_FORMAT = "dwarf-with-dsym";
				ENABLE_NS_ASSERTIONS = NO;
				ENABLE_STRICT_OBJC_MSGSEND = YES;
				GCC_C_LANGUAGE_STANDARD = gnu11;
				GCC_NO_COMMON_BLOCKS = YES;
				GCC_WARN_64_TO_32_BIT_CONVERSION = YES;
				GCC_WARN_ABOUT_RETURN_TYPE = YES_ERROR;
				GCC_WARN_UNDECLARED_SELECTOR = YES;
				GCC_WARN_UNINITIALIZED_AUTOS = YES_AGGRESSIVE;
				GCC_WARN_UNUSED_FUNCTION = YES;
				GCC_WARN_UNUSED_VARIABLE = YES;
				IPHONEOS_DEPLOYMENT_TARGET = 11.1;
				MTL_ENABLE_DEBUG_INFO = NO;
				SDKROOT = iphoneos;
				SWIFT_OPTIMIZATION_LEVEL = "-Owholemodule";
				VALIDATE_PRODUCT = YES;
			};
			name = Release;
		};
		18739B3F1FEA5F0300D2B160 /* Debug */ = {
			isa = XCBuildConfiguration;
			baseConfigurationReference = 9715C8EF004894AFE6A381A5 /* Pods-iOS_Audio.debug.xcconfig */;
			buildSettings = {
				ASSETCATALOG_COMPILER_APPICON_NAME = AppIcon;
				CODE_SIGN_STYLE = Automatic;
				DEVELOPMENT_TEAM = S4HH4QULF9;
				INFOPLIST_FILE = iOS_Audio/Info.plist;
				IPHONEOS_DEPLOYMENT_TARGET = 9.0;
				LD_RUNPATH_SEARCH_PATHS = "$(inherited) @executable_path/Frameworks";
				PRODUCT_BUNDLE_IDENTIFIER = "com.zxl.iOS-Audio";
				PRODUCT_NAME = "$(TARGET_NAME)";
				SWIFT_VERSION = 4.0;
				TARGETED_DEVICE_FAMILY = "1,2";
			};
			name = Debug;
		};
		18739B401FEA5F0300D2B160 /* Release */ = {
			isa = XCBuildConfiguration;
			baseConfigurationReference = 101A03B8D75BFF5FAB9D852D /* Pods-iOS_Audio.release.xcconfig */;
			buildSettings = {
				ASSETCATALOG_COMPILER_APPICON_NAME = AppIcon;
				CODE_SIGN_STYLE = Automatic;
				DEVELOPMENT_TEAM = S4HH4QULF9;
				INFOPLIST_FILE = iOS_Audio/Info.plist;
				IPHONEOS_DEPLOYMENT_TARGET = 9.0;
				LD_RUNPATH_SEARCH_PATHS = "$(inherited) @executable_path/Frameworks";
				PRODUCT_BUNDLE_IDENTIFIER = "com.zxl.iOS-Audio";
				PRODUCT_NAME = "$(TARGET_NAME)";
				SWIFT_VERSION = 4.0;
				TARGETED_DEVICE_FAMILY = "1,2";
			};
			name = Release;
		};
/* End XCBuildConfiguration section */

/* Begin XCConfigurationList section */
		18739B271FEA5F0300D2B160 /* Build configuration list for PBXProject "iOS_Audio" */ = {
			isa = XCConfigurationList;
			buildConfigurations = (
				18739B3C1FEA5F0300D2B160 /* Debug */,
				18739B3D1FEA5F0300D2B160 /* Release */,
			);
			defaultConfigurationIsVisible = 0;
			defaultConfigurationName = Release;
		};
		18739B3E1FEA5F0300D2B160 /* Build configuration list for PBXNativeTarget "iOS_Audio" */ = {
			isa = XCConfigurationList;
			buildConfigurations = (
				18739B3F1FEA5F0300D2B160 /* Debug */,
				18739B401FEA5F0300D2B160 /* Release */,
			);
			defaultConfigurationIsVisible = 0;
			defaultConfigurationName = Release;
		};
/* End XCConfigurationList section */
	};
	rootObject = 18739B241FEA5F0300D2B160 /* Project object */;
}
